{
  "name": "mho-studio-server",
  "version": "0.1.0",
  "lockfileVersion": 3,
  "requires": true,
  "packages": {
    "": {
      "name": "mho-studio-server",
      "version": "0.1.0",
      "dependencies": {
        "usb": "*"
      },
      "engines": {
        "node": ">=22.18"
      },
      "optionalDependencies": {
        "usb": "^3.1.0"
      }
    },
    "node_modules/@node-usb/usb-darwin-arm64": {
      "version": "3.1.0",
      "resolved": "https://registry.npmjs.org/@node-usb/usb-darwin-arm64/-/usb-darwin-arm64-3.1.0.tgz",
      "integrity": "sha512-GgdbwzNZMpMJNAFrwwOmWsDPrQ+9zOCig8ZXIuEyfblMSUeI3kfr95/6QfpWClpsyn49xx1jKG2FpbSEAFCJgQ==",
      "cpu": [
        "arm64"
      ],
      "license": "MIT",
      "optional": true,
      "os": [
        "darwin"
      ],
      "engines": {
        "node": ">= 12.22.0 < 13 || >= 14.17.0 < 15 || >= 15.12.0 < 16 || >= 16.0.0"
      }
    },
    "node_modules/@node-usb/usb-darwin-x64": {
      "version": "3.1.0",
      "resolved": "https://registry.npmjs.org/@node-usb/usb-darwin-x64/-/usb-darwin-x64-3.1.0.tgz",
      "integrity": "sha512-zyqPgeDGOSENA3v98WMThreHyIR87G1zeh6dQhw5+rmYv13Q788mZiaF2llcKb4BZDIRDyQUWCxFRW6rOlq5Pw==",
      "cpu": [
        "x64"
      ],
      "license": "MIT",
      "optional": true,
      "os": [
        "darwin"
      ],
      "engines": {
        "node": ">= 12.22.0 < 13 || >= 14.17.0 < 15 || >= 15.12.0 < 16 || >= 16.0.0"
      }
    },
    "node_modules/@node-usb/usb-linux-arm-gnueabihf": {
      "version": "3.1.0",
      "resolved": "https://registry.npmjs.org/@node-usb/usb-linux-arm-gnueabihf/-/usb-linux-arm-gnueabihf-3.1.0.tgz",
      "integrity": "sha512-XiIHZLErfAkYVGQ9hnZBGWO+BN1ZkU3n4LR7PECS1v82kGlaGjdmRe70IVKzgV+wwYZk3Xo5Ic+EeGMtoIRdpA==",
      "cpu": [
        "arm"
      ],
      "license": "MIT",
      "optional": true,
      "os": [
        "linux"
      ],
      "engines": {
        "node": ">= 12.22.0 < 13 || >= 14.17.0 < 15 || >= 15.12.0 < 16 || >= 16.0.0"
      }
    },
    "node_modules/@node-usb/usb-linux-arm64-gnu": {
      "version": "3.1.0",
      "resolved": "https://registry.npmjs.org/@node-usb/usb-linux-arm64-gnu/-/usb-linux-arm64-gnu-3.1.0.tgz",
      "integrity": "sha512-WnyzM4/L8ypAbJ8l2MRT329gCYVV+P1MIr23ZIGkrYCBaPK2F/Lr/7ph/L4WiJhsOEaBd3kpdDVXkbyR15UKRQ==",
      "cpu": [
        "arm64"
      ],
      "license": "MIT",
      "optional": true,
      "os": [
        "linux"
      ],
      "engines": {
        "node": ">= 12.22.0 < 13 || >= 14.17.0 < 15 || >= 15.12.0 < 16 || >= 16.0.0"
      }
    },
    "node_modules/@node-usb/usb-linux-arm64-musl": {
      "version": "3.1.0",
      "resolved": "https://registry.npmjs.org/@node-usb/usb-linux-arm64-musl/-/usb-linux-arm64-musl-3.1.0.tgz",
      "integrity": "sha512-+To+hIl6WesjCcJNTSobKPhwtePjDokElrBj2JIHiGesvOWEoMw1hFRZFJYAbn+hUvI0XKpXT82GIU+iY7foGw==",
      "cpu": [
        "arm64"
      ],
      "license": "MIT",
      "optional": true,
      "os": [
        "linux"
      ],
      "engines": {
        "node": ">= 12.22.0 < 13 || >= 14.17.0 < 15 || >= 15.12.0 < 16 || >= 16.0.0"
      }
    },
    "node_modules/@node-usb/usb-linux-x64-gnu": {
      "version": "3.1.0",
      "resolved": "https://registry.npmjs.org/@node-usb/usb-linux-x64-gnu/-/usb-linux-x64-gnu-3.1.0.tgz",
      "integrity": "sha512-OLaSMqaQi/mw9x44RPVfccKUlNVjSL2CTNeZF5IjckWcya29zw0Z9t/TWhZpYCP1IakSE7FT+aSit0N1Fw23xw==",
      "cpu": [
        "x64"
      ],
      "license": "MIT",
      "optional": true,
      "os": [
        "linux"
      ],
      "engines": {
        "node": ">= 12.22.0 < 13 || >= 14.17.0 < 15 || >= 15.12.0 < 16 || >= 16.0.0"
      }
    },
    "node_modules/@node-usb/usb-linux-x64-musl": {
      "version": "3.1.0",
      "resolved": "https://registry.npmjs.org/@node-usb/usb-linux-x64-musl/-/usb-linux-x64-musl-3.1.0.tgz",
      "integrity": "sha512-ocZ1gB84wvBfTEC+jocYu+GEnBRlS9mMsw99RA2Vhd+eWV2obj+HBKOpVQ/V+P3lUh6WWlmVIyj3bDUI588U3A==",
      "cpu": [
        "x64"
      ],
      "license": "MIT",
      "optional": true,
      "os": [
        "linux"
      ],
      "engines": {
        "node": ">= 12.22.0 < 13 || >= 14.17.0 < 15 || >= 15.12.0 < 16 || >= 16.0.0"
      }
    },
    "node_modules/@node-usb/usb-win32-arm64-msvc": {
      "version": "3.1.0",
      "resolved": "https://registry.npmjs.org/@node-usb/usb-win32-arm64-msvc/-/usb-win32-arm64-msvc-3.1.0.tgz",
      "integrity": "sha512-IokoKA7Fgga5DWB8N/PMqeLAPC5x23WkpiRbLoyQH1TjOHvu1CSpdx94LLqRqwMpMeuXaAm1VPvw6OooK0hnww==",
      "cpu": [
        "arm64"
      ],
      "license": "MIT",
      "optional": true,
      "os": [
        "win32"
      ],
      "engines": {
        "node": ">= 12.22.0 < 13 || >= 14.17.0 < 15 || >= 15.12.0 < 16 || >= 16.0.0"
      }
    },
    "node_modules/@node-usb/usb-win32-ia32-msvc": {
      "version": "3.1.0",
      "resolved": "https://registry.npmjs.org/@node-usb/usb-win32-ia32-msvc/-/usb-win32-ia32-msvc-3.1.0.tgz",
      "integrity": "sha512-w1kQmcnpqVAEjgSGNPJygDNWJGfi3+3npMBW4zrCwPe+KKOjim/5YiUBJpSIQWON8QEh3gOgStOegF0EaXb+Bg==",
      "cpu": [
        "ia32"
      ],
      "license": "MIT",
      "optional": true,
      "os": [
        "win32"
      ],
      "engines": {
        "node": ">= 12.22.0 < 13 || >= 14.17.0 < 15 || >= 15.12.0 < 16 || >= 16.0.0"
      }
    },
    "node_modules/@node-usb/usb-win32-x64-msvc": {
      "version": "3.1.0",
      "resolved": "https://registry.npmjs.org/@node-usb/usb-win32-x64-msvc/-/usb-win32-x64-msvc-3.1.0.tgz",
      "integrity": "sha512-0PaaDyE5LnDmjAOCZvnGkP1H3VQmKXQG2ytiA2+VSo1mMMTLylu0XaW7bSUqozpxCrzByP3mByK+2DeFLmbiRQ==",
      "cpu": [
        "x64"
      ],
      "license": "MIT",
      "optional": true,
      "os": [
        "win32"
      ],
      "engines": {
        "node": ">= 12.22.0 < 13 || >= 14.17.0 < 15 || >= 15.12.0 < 16 || >= 16.0.0"
      }
    },
    "node_modules/@types/w3c-web-usb": {
      "version": "1.0.14",
      "resolved": "https://registry.npmjs.org/@types/w3c-web-usb/-/w3c-web-usb-1.0.14.tgz",
      "integrity": "sha512-Qu3Nn6JFuF4+sHKYl+IcX9vYiI40ogleXzFFSxoE1W94rG98o/kXs8uJ0QSfFzuwBCZWlGfUGpPkgwuuX4PchA==",
      "license": "MIT",
      "optional": true
    },
    "node_modules/usb": {
      "version": "3.1.0",
      "resolved": "https://registry.npmjs.org/usb/-/usb-3.1.0.tgz",
      "integrity": "sha512-G84NF5Y4/Mpj86peENkp29Qby/JS5bSiVEq5V9iH53g3FoDD7Z/loi7P78hs/nboGhe2SQ3Pc094vRAG+1wvag==",
      "license": "MIT",
      "optional": true,
      "dependencies": {
        "@types/w3c-web-usb": "^1.0.14"
      },
      "engines": {
        "node": ">= 12.22.0 < 13 || >= 14.17.0 < 15 || >= 15.12.0 < 16 || >= 16.0.0"
      },
      "optionalDependencies": {
        "@node-usb/usb-darwin-arm64": "3.1.0",
        "@node-usb/usb-darwin-x64": "3.1.0",
        "@node-usb/usb-linux-arm-gnueabihf": "3.1.0",
        "@node-usb/usb-linux-arm64-gnu": "3.1.0",
        "@node-usb/usb-linux-arm64-musl": "3.1.0",
        "@node-usb/usb-linux-x64-gnu": "3.1.0",
        "@node-usb/usb-linux-x64-musl": "3.1.0",
        "@node-usb/usb-win32-arm64-msvc": "3.1.0",
        "@node-usb/usb-win32-ia32-msvc": "3.1.0",
        "@node-usb/usb-win32-x64-msvc": "3.1.0"
      }
    }
  }
}
